PODS:
  - GDataXML-HTML (1.3.0)
  - JTObjectMapping (1.1.2)

DEPENDENCIES:
  - GDataXML-HTML (~> 1.3.0)
  - JTObjectMapping (~> 1.1.2)

SPEC CHECKSUMS:
  GDataXML-HTML: 7adc03668cab35c288f1dbb8929a179f0fece898
  JTObjectMapping: 179cae6acadb27be5b7f5c019c216cb99d28e112

PODFILE CHECKSUM: fb24a2316e57c5dd40dccff8ebcf6df445e89459

COCOAPODS: 1.0.1
